
Microsoft Visual Studio Solution File, Format Version 12.00
# Visual Studio 14
VisualStudioVersion = 14.0.25420.1
MinimumVisualStudioVersion = 10.0.40219.1
Project("{FAE04EC0-301F-11D3-BF4B-00C04F79EFBC}") = "MyerSplash", "MyerSplash\MyerSplash.csproj", "{78C665AA-ADD4-4263-9814-C6D1849A76BE}"
EndProject
Project("{2150E333-8FDC-42A3-9474-1A3956D46DE8}") = "App", "App", "{D6F304A5-52DD-4FC4-9EC3-EF0AD808C1C8}"
EndProject
Project("{FAE04EC0-301F-11D3-BF4B-00C04F79EFBC}") = "MyerSplashShared", "MyerSplashShared\MyerSplashShared.csproj", "{56F19610-C6E1-412F-9048-74293D893021}"
EndProject
Project("{FAE04EC0-301F-11D3-BF4B-00C04F79EFBC}") = "MyerSplashCustomControl", "MyerSplashCustomControl\MyerSplashCustomControl.csproj", "{8EFB922E-F05E-4E74-945D-AB6DB8D85224}"
EndProject
Project("{FAE04EC0-301F-11D3-BF4B-00C04F79EFBC}") = "JP.Utils.UWP", "..\JP.Utils.UWP\JP.Utils.UWP\JP.Utils.UWP.csproj", "{357C51DB-765E-4A88-950F-CDA24F7184C3}"
EndProject
Project("{2150E333-8FDC-42A3-9474-1A3956D46DE8}") = "ThirdParty", "ThirdParty", "{70748471-295D-4982-9F6B-B6880DC3C2D1}"
EndProject
Project("{2150E333-8FDC-42A3-9474-1A3956D46DE8}") = "Test", "Test", "{DE3F08A5-2B5C-4E45-A4A3-4E7DE6711204}"
EndProject
Project("{FAE04EC0-301F-11D3-BF4B-00C04F79EFBC}") = "UnitTestProject", "UnitTestProject\UnitTestProject.csproj", "{CA04F133-EFC1-4C08-91E5-B8E1899B5ED9}"
EndProject
Global
	GlobalSection(SolutionConfigurationPlatforms) = preSolution
		Debug|Any CPU = Debug|Any CPU
		Debug|ARM = Debug|ARM
		Debug|x64 = Debug|x64
		Debug|x86 = Debug|x86
		Release|Any CPU = Release|Any CPU
		Release|ARM = Release|ARM
		Release|x64 = Release|x64
		Release|x86 = Release|x86
	EndGlobalSection
	GlobalSection(ProjectConfigurationPlatforms) = postSolution
		{78C665AA-ADD4-4263-9814-C6D1849A76BE}.Debug|Any CPU.ActiveCfg = Debug|x86
		{78C665AA-ADD4-4263-9814-C6D1849A76BE}.Debug|ARM.ActiveCfg = Debug|ARM
		{78C665AA-ADD4-4263-9814-C6D1849A76BE}.Debug|ARM.Build.0 = Debug|ARM
		{78C665AA-ADD4-4263-9814-C6D1849A76BE}.Debug|ARM.Deploy.0 = Debug|ARM
		{78C665AA-ADD4-4263-9814-C6D1849A76BE}.Debug|x64.ActiveCfg = Debug|x64
		{78C665AA-ADD4-4263-9814-C6D1849A76BE}.Debug|x64.Build.0 = Debug|x64
		{78C665AA-ADD4-4263-9814-C6D1849A76BE}.Debug|x64.Deploy.0 = Debug|x64
		{78C665AA-ADD4-4263-9814-C6D1849A76BE}.Debug|x86.ActiveCfg = Debug|x86
		{78C665AA-ADD4-4263-9814-C6D1849A76BE}.Debug|x86.Build.0 = Debug|x86
		{78C665AA-ADD4-4263-9814-C6D1849A76BE}.Debug|x86.Deploy.0 = Debug|x86
		{78C665AA-ADD4-4263-9814-C6D1849A76BE}.Release|Any CPU.ActiveCfg = Release|x86
		{78C665AA-ADD4-4263-9814-C6D1849A76BE}.Release|ARM.ActiveCfg = Release|ARM
		{78C665AA-ADD4-4263-9814-C6D1849A76BE}.Release|ARM.Build.0 = Release|ARM
		{78C665AA-ADD4-4263-9814-C6D1849A76BE}.Release|ARM.Deploy.0 = Release|ARM
		{78C665AA-ADD4-4263-9814-C6D1849A76BE}.Release|x64.ActiveCfg = Release|x64
		{78C665AA-ADD4-4263-9814-C6D1849A76BE}.Release|x64.Build.0 = Release|x64
		{78C665AA-ADD4-4263-9814-C6D1849A76BE}.Release|x64.Deploy.0 = Release|x64
		{78C665AA-ADD4-4263-9814-C6D1849A76BE}.Release|x86.ActiveCfg = Release|x86
		{78C665AA-ADD4-4263-9814-C6D1849A76BE}.Release|x86.Build.0 = Release|x86
		{78C665AA-ADD4-4263-9814-C6D1849A76BE}.Release|x86.Deploy.0 = Release|x86
		{56F19610-C6E1-412F-9048-74293D893021}.Debug|Any CPU.ActiveCfg = Debug|Any CPU
		{56F19610-C6E1-412F-9048-74293D893021}.Debug|Any CPU.Build.0 = Debug|Any CPU
		{56F19610-C6E1-412F-9048-74293D893021}.Debug|ARM.ActiveCfg = Debug|ARM
		{56F19610-C6E1-412F-9048-74293D893021}.Debug|ARM.Build.0 = Debug|ARM
		{56F19610-C6E1-412F-9048-74293D893021}.Debug|x64.ActiveCfg = Debug|x64
		{56F19610-C6E1-412F-9048-74293D893021}.Debug|x64.Build.0 = Debug|x64
		{56F19610-C6E1-412F-9048-74293D893021}.Debug|x86.ActiveCfg = Debug|x86
		{56F19610-C6E1-412F-9048-74293D893021}.Debug|x86.Build.0 = Debug|x86
		{56F19610-C6E1-412F-9048-74293D893021}.Release|Any CPU.ActiveCfg = Release|Any CPU
		{56F19610-C6E1-412F-9048-74293D893021}.Release|Any CPU.Build.0 = Release|Any CPU
		{56F19610-C6E1-412F-9048-74293D893021}.Release|ARM.ActiveCfg = Release|ARM
		{56F19610-C6E1-412F-9048-74293D893021}.Release|ARM.Build.0 = Release|ARM
		{56F19610-C6E1-412F-9048-74293D893021}.Release|x64.ActiveCfg = Release|x64
		{56F19610-C6E1-412F-9048-74293D893021}.Release|x64.Build.0 = Release|x64
		{56F19610-C6E1-412F-9048-74293D893021}.Release|x86.ActiveCfg = Release|x86
		{56F19610-C6E1-412F-9048-74293D893021}.Release|x86.Build.0 = Release|x86
		{8EFB922E-F05E-4E74-945D-AB6DB8D85224}.Debug|Any CPU.ActiveCfg = Debug|Any CPU
		{8EFB922E-F05E-4E74-945D-AB6DB8D85224}.Debug|Any CPU.Build.0 = Debug|Any CPU
		{8EFB922E-F05E-4E74-945D-AB6DB8D85224}.Debug|ARM.ActiveCfg = Debug|ARM
		{8EFB922E-F05E-4E74-945D-AB6DB8D85224}.Debug|ARM.Build.0 = Debug|ARM
		{8EFB922E-F05E-4E74-945D-AB6DB8D85224}.Debug|x64.ActiveCfg = Debug|x64
		{8EFB922E-F05E-4E74-945D-AB6DB8D85224}.Debug|x64.Build.0 = Debug|x64
		{8EFB922E-F05E-4E74-945D-AB6DB8D85224}.Debug|x86.ActiveCfg = Debug|x86
		{8EFB922E-F05E-4E74-945D-AB6DB8D85224}.Debug|x86.Build.0 = Debug|x86
		{8EFB922E-F05E-4E74-945D-AB6DB8D85224}.Release|Any CPU.ActiveCfg = Release|Any CPU
		{8EFB922E-F05E-4E74-945D-AB6DB8D85224}.Release|Any CPU.Build.0 = Release|Any CPU
		{8EFB922E-F05E-4E74-945D-AB6DB8D85224}.Release|ARM.ActiveCfg = Release|ARM
		{8EFB922E-F05E-4E74-945D-AB6DB8D85224}.Release|ARM.Build.0 = Release|ARM
		{8EFB922E-F05E-4E74-945D-AB6DB8D85224}.Release|x64.ActiveCfg = Release|x64
		{8EFB922E-F05E-4E74-945D-AB6DB8D85224}.Release|x64.Build.0 = Release|x64
		{8EFB922E-F05E-4E74-945D-AB6DB8D85224}.Release|x86.ActiveCfg = Release|x86
		{8EFB922E-F05E-4E74-945D-AB6DB8D85224}.Release|x86.Build.0 = Release|x86
		{357C51DB-765E-4A88-950F-CDA24F7184C3}.Debug|Any CPU.ActiveCfg = Debug|Any CPU
		{357C51DB-765E-4A88-950F-CDA24F7184C3}.Debug|Any CPU.Build.0 = Debug|Any CPU
		{357C51DB-765E-4A88-950F-CDA24F7184C3}.Debug|ARM.ActiveCfg = Debug|ARM
		{357C51DB-765E-4A88-950F-CDA24F7184C3}.Debug|ARM.Build.0 = Debug|ARM
		{357C51DB-765E-4A88-950F-CDA24F7184C3}.Debug|x64.ActiveCfg = Debug|x64
		{357C51DB-765E-4A88-950F-CDA24F7184C3}.Debug|x64.Build.0 = Debug|x64
		{357C51DB-765E-4A88-950F-CDA24F7184C3}.Debug|x86.ActiveCfg = Debug|x86
		{357C51DB-765E-4A88-950F-CDA24F7184C3}.Debug|x86.Build.0 = Debug|x86
		{357C51DB-765E-4A88-950F-CDA24F7184C3}.Release|Any CPU.ActiveCfg = Release|Any CPU
		{357C51DB-765E-4A88-950F-CDA24F7184C3}.Release|Any CPU.Build.0 = Release|Any CPU
		{357C51DB-765E-4A88-950F-CDA24F7184C3}.Release|ARM.ActiveCfg = Release|ARM
		{357C51DB-765E-4A88-950F-CDA24F7184C3}.Release|ARM.Build.0 = Release|ARM
		{357C51DB-765E-4A88-950F-CDA24F7184C3}.Release|x64.ActiveCfg = Release|x64
		{357C51DB-765E-4A88-950F-CDA24F7184C3}.Release|x64.Build.0 = Release|x64
		{357C51DB-765E-4A88-950F-CDA24F7184C3}.Release|x86.ActiveCfg = Release|x86
		{357C51DB-765E-4A88-950F-CDA24F7184C3}.Release|x86.Build.0 = Release|x86
		{CA04F133-EFC1-4C08-91E5-B8E1899B5ED9}.Debug|Any CPU.ActiveCfg = Debug|x86
		{CA04F133-EFC1-4C08-91E5-B8E1899B5ED9}.Debug|ARM.ActiveCfg = Debug|ARM
		{CA04F133-EFC1-4C08-91E5-B8E1899B5ED9}.Debug|ARM.Build.0 = Debug|ARM
		{CA04F133-EFC1-4C08-91E5-B8E1899B5ED9}.Debug|ARM.Deploy.0 = Debug|ARM
		{CA04F133-EFC1-4C08-91E5-B8E1899B5ED9}.Debug|x64.ActiveCfg = Debug|x64
		{CA04F133-EFC1-4C08-91E5-B8E1899B5ED9}.Debug|x64.Build.0 = Debug|x64
		{CA04F133-EFC1-4C08-91E5-B8E1899B5ED9}.Debug|x64.Deploy.0 = Debug|x64
		{CA04F133-EFC1-4C08-91E5-B8E1899B5ED9}.Debug|x86.ActiveCfg = Debug|x86
		{CA04F133-EFC1-4C08-91E5-B8E1899B5ED9}.Debug|x86.Build.0 = Debug|x86
		{CA04F133-EFC1-4C08-91E5-B8E1899B5ED9}.Debug|x86.Deploy.0 = Debug|x86
		{CA04F133-EFC1-4C08-91E5-B8E1899B5ED9}.Release|Any CPU.ActiveCfg = Release|x86
		{CA04F133-EFC1-4C08-91E5-B8E1899B5ED9}.Release|ARM.ActiveCfg = Release|ARM
		{CA04F133-EFC1-4C08-91E5-B8E1899B5ED9}.Release|ARM.Build.0 = Release|ARM
		{CA04F133-EFC1-4C08-91E5-B8E1899B5ED9}.Release|ARM.Deploy.0 = Release|ARM
		{CA04F133-EFC1-4C08-91E5-B8E1899B5ED9}.Release|x64.ActiveCfg = Release|x64
		{CA04F133-EFC1-4C08-91E5-B8E1899B5ED9}.Release|x64.Build.0 = Release|x64
		{CA04F133-EFC1-4C08-91E5-B8E1899B5ED9}.Release|x64.Deploy.0 = Release|x64
		{CA04F133-EFC1-4C08-91E5-B8E1899B5ED9}.Release|x86.ActiveCfg = Release|x86
		{CA04F133-EFC1-4C08-91E5-B8E1899B5ED9}.Release|x86.Build.0 = Release|x86
		{CA04F133-EFC1-4C08-91E5-B8E1899B5ED9}.Release|x86.Deploy.0 = Release|x86
	EndGlobalSection
	GlobalSection(SolutionProperties) = preSolution
		HideSolutionNode = FALSE
	EndGlobalSection
	GlobalSection(NestedProjects) = preSolution
		{78C665AA-ADD4-4263-9814-C6D1849A76BE} = {D6F304A5-52DD-4FC4-9EC3-EF0AD808C1C8}
		{56F19610-C6E1-412F-9048-74293D893021} = {D6F304A5-52DD-4FC4-9EC3-EF0AD808C1C8}
		{8EFB922E-F05E-4E74-945D-AB6DB8D85224} = {D6F304A5-52DD-4FC4-9EC3-EF0AD808C1C8}
		{357C51DB-765E-4A88-950F-CDA24F7184C3} = {70748471-295D-4982-9F6B-B6880DC3C2D1}
		{CA04F133-EFC1-4C08-91E5-B8E1899B5ED9} = {DE3F08A5-2B5C-4E45-A4A3-4E7DE6711204}
	EndGlobalSection
EndGlobal
